// !$*UTF8*$!
{
	archiveVersion = 1;
	classes = {
	};
	objectVersion = 90;
	objects = {

/* Begin PBXContainerItemProxy section */
		124A721B2E69BFB800DAE905 /* PBXContainerItemProxy */ = {
			isa = PBXContainerItemProxy;
			containerPortal = 124A72032E69BFB700DAE905 /* Project object */;
			proxyType = 1;
			remoteGlobalIDString = 124A720A2E69BFB700DAE905;
			remoteInfo = Skinia;
		};
		124A72252E69BFB800DAE905 /* PBXContainerItemProxy */ = {
			isa = PBXContainerItemProxy;
			containerPortal = 124A72032E69BFB700DAE905 /* Project object */;
			proxyType = 1;
			remoteGlobalIDString = 124A720A2E69BFB700DAE905;
			remoteInfo = Skinia;
		};
/* End PBXContainerItemProxy section */

/* Begin PBXFileReference section */
		124A720B2E69BFB700DAE905 /* Skinia.app */ = {isa = PBXFileReference; explicitFileType = wrapper.application; includeInIndex = 0; path = Skinia.app; sourceTree = BUILT_PRODUCTS_DIR; };
		124A721A2E69BFB800DAE905 /* SkiniaTests.xctest */ = {isa = PBXFileReference; explicitFileType = wrapper.cfbundle; includeInIndex = 0; path = SkiniaTests.xctest; sourceTree = BUILT_PRODUCTS_DIR; };
		124A72242E69BFB800DAE905 /* SkiniaUITests.xctest */ = {isa = PBXFileReference; explicitFileType = wrapper.cfbundle; includeInIndex = 0; path = SkiniaUITests.xctest; sourceTree = BUILT_PRODUCTS_DIR; };
/* End PBXFileReference section */

/* Begin PBXFileSystemSynchronizedRootGroup section */
		124A720D2E69BFB700DAE905 /* Skinia */ = {
			isa = PBXFileSystemSynchronizedRootGroup;
			path = Skinia;
			sourceTree = "<group>";
		};
		124A721D2E69BFB800DAE905 /* SkiniaTests */ = {
			isa = PBXFileSystemSynchronizedRootGroup;
			path = SkiniaTests;
			sourceTree = "<group>";
		};
		124A72272E69BFB800DAE905 /* SkiniaUITests */ = {
			isa = PBXFileSystemSynchronizedRootGroup;
			path = SkiniaUITests;
			sourceTree = "<group>";
		};
/* End PBXFileSystemSynchronizedRootGroup section */

/* Begin PBXFrameworksBuildPhase section */
		124A72082E69BFB700DAE905 /* Frameworks */ = {
			isa = PBXFrameworksBuildPhase;
			files = (
			);
		};
		124A72172E69BFB800DAE905 /* Frameworks */ = {
			isa = PBXFrameworksBuildPhase;
			files = (
			);
		};
		124A72212E69BFB800DAE905 /* Frameworks */ = {
			isa = PBXFrameworksBuildPhase;
			files = (
			);
		};
/* End PBXFrameworksBuildPhase section */

/* Begin PBXGroup section */
		124A72022E69BFB700DAE905 = {
			isa = PBXGroup;
			children = (
				124A720D2E69BFB700DAE905 /* Skinia */,
				124A721D2E69BFB800DAE905 /* SkiniaTests */,
				124A72272E69BFB800DAE905 /* SkiniaUITests */,
				124A720C2E69BFB700DAE905 /* Products */,
			);
			sourceTree = "<group>";
		};
		124A720C2E69BFB700DAE905 /* Products */ = {
			isa = PBXGroup;
			children = (
				124A720B2E69BFB700DAE905 /* Skinia.app */,
				124A721A2E69BFB800DAE905 /* SkiniaTests.xctest */,
				124A72242E69BFB800DAE905 /* SkiniaUITests.xctest */,
			);
			name = Products;
			sourceTree = "<group>";
		};
/* End PBXGroup section */

/* Begin PBXNativeTarget section */
		124A720A2E69BFB700DAE905 /* Skinia */ = {
			isa = PBXNativeTarget;
			buildConfigurationList = 124A722E2E69BFB800DAE905 /* Build configuration list for PBXNativeTarget "Skinia" */;
			buildPhases = (
				124A72072E69BFB700DAE905 /* Sources */,
				124A72082E69BFB700DAE905 /* Frameworks */,
				124A72092E69BFB700DAE905 /* Resources */,
			);
			buildRules = (
			);
			fileSystemSynchronizedGroups = (
				124A720D2E69BFB700DAE905 /* Skinia */,
			);
			name = Skinia;
			productName = Skinia;
			productReference = 124A720B2E69BFB700DAE905 /* Skinia.app */;
			productType = "com.apple.product-type.application";
		};
		124A72192E69BFB800DAE905 /* SkiniaTests */ = {
			isa = PBXNativeTarget;
			buildConfigurationList = 124A72312E69BFB800DAE905 /* Build configuration list for PBXNativeTarget "SkiniaTests" */;
			buildPhases = (
				124A72162E69BFB800DAE905 /* Sources */,
				124A72172E69BFB800DAE905 /* Frameworks */,
				124A72182E69BFB800DAE905 /* Resources */,
			);
			buildRules = (
			);
			dependencies = (
				124A721C2E69BFB800DAE905 /* PBXTargetDependency */,
			);
			fileSystemSynchronizedGroups = (
				124A721D2E69BFB800DAE905 /* SkiniaTests */,
			);
			name = SkiniaTests;
			productName = SkiniaTests;
			productReference = 124A721A2E69BFB800DAE905 /* SkiniaTests.xctest */;
			productType = "com.apple.product-type.bundle.unit-test";
		};
		124A72232E69BFB800DAE905 /* SkiniaUITests */ = {
			isa = PBXNativeTarget;
			buildConfigurationList = 124A72342E69BFB800DAE905 /* Build configuration list for PBXNativeTarget "SkiniaUITests" */;
			buildPhases = (
				124A72202E69BFB800DAE905 /* Sources */,
				124A72212E69BFB800DAE905 /* Frameworks */,
				124A72222E69BFB800DAE905 /* Resources */,
			);
			buildRules = (
			);
			dependencies = (
				124A72262E69BFB800DAE905 /* PBXTargetDependency */,
			);
			fileSystemSynchronizedGroups = (
				124A72272E69BFB800DAE905 /* SkiniaUITests */,
			);
			name = SkiniaUITests;
			productName = SkiniaUITests;
			productReference = 124A72242E69BFB800DAE905 /* SkiniaUITests.xctest */;
			productType = "com.apple.product-type.bundle.ui-testing";
		};
/* End PBXNativeTarget section */

/* Begin PBXProject section */
		124A72032E69BFB700DAE905 /* Project object */ = {
			isa = PBXProject;
			attributes = {
				BuildIndependentTargetsInParallel = 1;
				LastSwiftUpdateCheck = 1640;
				LastUpgradeCheck = 1640;
				TargetAttributes = {
					124A720A2E69BFB700DAE905 = {
						CreatedOnToolsVersion = 16.4;
					};
					124A72192E69BFB800DAE905 = {
						CreatedOnToolsVersion = 16.4;
						TestTargetID = 124A720A2E69BFB700DAE905;
					};
					124A72232E69BFB800DAE905 = {
						CreatedOnToolsVersion = 16.4;
						TestTargetID = 124A720A2E69BFB700DAE905;
					};
				};
			};
			buildConfigurationList = 124A72062E69BFB700DAE905 /* Build configuration list for PBXProject "Skinia" */;
			developmentRegion = en;
			hasScannedForEncodings = 0;
			knownRegions = (
				en,
				Base,
			);
			mainGroup = 124A72022E69BFB700DAE905;
			minimizedProjectReferenceProxies = 1;
			preferredProjectObjectVersion = 90;
			productRefGroup = 124A720C2E69BFB700DAE905 /* Products */;
			projectDirPath = "";
			projectRoot = "";
			targets = (
				124A720A2E69BFB700DAE905 /* Skinia */,
				124A72192E69BFB800DAE905 /* SkiniaTests */,
				124A72232E69BFB800DAE905 /* SkiniaUITests */,
			);
		};
/* End PBXProject section */

/* Begin PBXResourcesBuildPhase section */
		124A72092E69BFB700DAE905 /* Resources */ = {
			isa = PBXResourcesBuildPhase;
			files = (
			);
		};
		124A72182E69BFB800DAE905 /* Resources */ = {
			isa = PBXResourcesBuildPhase;
			files = (
			);
		};
		124A72222E69BFB800DAE905 /* Resources */ = {
			isa = PBXResourcesBuildPhase;
			files = (
			);
		};
/* End PBXResourcesBuildPhase section */

/* Begin PBXSourcesBuildPhase section */
		124A72072E69BFB700DAE905 /* Sources */ = {
			isa = PBXSourcesBuildPhase;
			files = (
			);
		};
		124A72162E69BFB800DAE905 /* Sources */ = {
			isa = PBXSourcesBuildPhase;
			files = (
			);
		};
		124A72202E69BFB800DAE905 /* Sources */ = {
			isa = PBXSourcesBuildPhase;
			files = (
			);
		};
/* End PBXSourcesBuildPhase section */

/* Begin PBXTargetDependency section */
		124A721C2E69BFB800DAE905 /* PBXTargetDependency */ = {
			isa = PBXTargetDependency;
			target = 124A720A2E69BFB700DAE905 /* Skinia */;
			targetProxy = 124A721B2E69BFB800DAE905 /* PBXContainerItemProxy */;
		};
		124A72262E69BFB800DAE905 /* PBXTargetDependency */ = {
			isa = PBXTargetDependency;
			target = 124A720A2E69BFB700DAE905 /* Skinia */;
			targetProxy = 124A72252E69BFB800DAE905 /* PBXContainerItemProxy */;
		};
/* End PBXTargetDependency section */

/* Begin XCBuildConfiguration section */
		124A722C2E69BFB800DAE905 /* Debug configuration for PBXProject "Skinia" */ = {
			isa = XCBuildConfiguration;
			buildSettings = {
				ALWAYS_SEARCH_USER_PATHS = NO;
				ASSETCATALOG_COMPILER_GENERATE_SWIFT_ASSET_SYMBOL_EXTENSIONS = YES;
				CLANG_ANALYZER_NONNULL = YES;
				CLANG_ANALYZER_NUMBER_OBJECT_CONVERSION = YES_AGGRESSIVE;
				CLANG_CXX_LANGUAGE_STANDARD = "gnu++20";
				CLANG_ENABLE_MODULES = YES;
				CLANG_ENABLE_OBJC_ARC = YES;
				CLANG_ENABLE_OBJC_WEAK = YES;
				CLANG_WARN_BLOCK_CAPTURE_AUTORELEASING = YES;
				CLANG_WARN_BOOL_CONVERSION = YES;
				CLANG_WARN_COMMA = YES;
				CLANG_WARN_CONSTANT_CONVERSION = YES;
				CLANG_WARN_DEPRECATED_OBJC_IMPLEMENTATIONS = YES;
				CLANG_WARN_DIRECT_OBJC_ISA_USAGE = YES_ERROR;
				CLANG_WARN_DOCUMENTATION_COMMENTS = YES;
				CLANG_WARN_EMPTY_BODY = YES;
				CLANG_WARN_ENUM_CONVERSION = YES;
				CLANG_WARN_INFINITE_RECURSION = YES;
				CLANG_WARN_INT_CONVERSION = YES;
				CLANG_WARN_NON_LITERAL_NULL_CONVERSION = YES;
				CLANG_WARN_OBJC_IMPLICIT_RETAIN_SELF = YES;
				CLANG_WARN_OBJC_LITERAL_CONVERSION = YES;
				CLANG_WARN_OBJC_ROOT_CLASS = YES_ERROR;
				CLANG_WARN_QUOTED_INCLUDE_IN_FRAMEWORK_HEADER = YES;
				CLANG_WARN_RANGE_LOOP_ANALYSIS = YES;
				CLANG_WARN_STRICT_PROTOTYPES = YES;
				CLANG_WARN_SUSPICIOUS_MOVE = YES;
				CLANG_WARN_UNGUARDED_AVAILABILITY = YES_AGGRESSIVE;
				CLANG_WARN_UNREACHABLE_CODE = YES;
				CLANG_WARN__DUPLICATE_METHOD_MATCH = YES;
				COPY_PHASE_STRIP = NO;
				DEBUG_INFORMATION_FORMAT = dwarf;
				DEVELOPMENT_TEAM = P4VGX44GD8;
				ENABLE_STRICT_OBJC_MSGSEND = YES;
				ENABLE_TESTABILITY = YES;
				ENABLE_USER_SCRIPT_SANDBOXING = YES;
				GCC_C_LANGUAGE_STANDARD = gnu17;
				GCC_DYNAMIC_NO_PIC = NO;
				GCC_NO_COMMON_BLOCKS = YES;
				GCC_OPTIMIZATION_LEVEL = 0;
				GCC_PREPROCESSOR_DEFINITIONS = (
					"DEBUG=1",
					"$(inherited)",
				);
				GCC_WARN_64_TO_32_BIT_CONVERSION = YES;
				GCC_WARN_ABOUT_RETURN_TYPE = YES_ERROR;
				GCC_WARN_UNDECLARED_SELECTOR = YES;
				GCC_WARN_UNINITIALIZED_AUTOS = YES_AGGRESSIVE;
				GCC_WARN_UNUSED_FUNCTION = YES;
				GCC_WARN_UNUSED_VARIABLE = YES;
				IPHONEOS_DEPLOYMENT_TARGET = 18.5;
				LOCALIZATION_PREFERS_STRING_CATALOGS = YES;
				MTL_ENABLE_DEBUG_INFO = INCLUDE_SOURCE;
				MTL_FAST_MATH = YES;
				ONLY_ACTIVE_ARCH = YES;
				SDKROOT = iphoneos;
				SWIFT_ACTIVE_COMPILATION_CONDITIONS = "DEBUG $(inherited)";
				SWIFT_OPTIMIZATION_LEVEL = "-Onone";
			};
			name = Debug;
		};
		124A722D2E69BFB800DAE905 /* Release configuration for PBXProject "Skinia" */ = {
			isa = XCBuildConfiguration;
			buildSettings = {
				ALWAYS_SEARCH_USER_PATHS = NO;
				ASSETCATALOG_COMPILER_GENERATE_SWIFT_ASSET_SYMBOL_EXTENSIONS = YES;
				CLANG_ANALYZER_NONNULL = YES;
				CLANG_ANALYZER_NUMBER_OBJECT_CONVERSION = YES_AGGRESSIVE;
				CLANG_CXX_LANGUAGE_STANDARD = "gnu++20";
				CLANG_ENABLE_MODULES = YES;
				CLANG_ENABLE_OBJC_ARC = YES;
				CLANG_ENABLE_OBJC_WEAK = YES;
				CLANG_WARN_BLOCK_CAPTURE_AUTORELEASING = YES;
				CLANG_WARN_BOOL_CONVERSION = YES;
				CLANG_WARN_COMMA = YES;
				CLANG_WARN_CONSTANT_CONVERSION = YES;
				CLANG_WARN_DEPRECATED_OBJC_IMPLEMENTATIONS = YES;
				CLANG_WARN_DIRECT_OBJC_ISA_USAGE = YES_ERROR;
				CLANG_WARN_DOCUMENTATION_COMMENTS = YES;
				CLANG_WARN_EMPTY_BODY = YES;
				CLANG_WARN_ENUM_CONVERSION = YES;
				CLANG_WARN_INFINITE_RECURSION = YES;
				CLANG_WARN_INT_CONVERSION = YES;
				CLANG_WARN_NON_LITERAL_NULL_CONVERSION = YES;
				CLANG_WARN_OBJC_IMPLICIT_RETAIN_SELF = YES;
				CLANG_WARN_OBJC_LITERAL_CONVERSION = YES;
				CLANG_WARN_OBJC_ROOT_CLASS = YES_ERROR;
				CLANG_WARN_QUOTED_INCLUDE_IN_FRAMEWORK_HEADER = YES;
				CLANG_WARN_RANGE_LOOP_ANALYSIS = YES;
				CLANG_WARN_STRICT_PROTOTYPES = YES;
				CLANG_WARN_SUSPICIOUS_MOVE = YES;
				CLANG_WARN_UNGUARDED_AVAILABILITY = YES_AGGRESSIVE;
				CLANG_WARN_UNREACHABLE_CODE = YES;
				CLANG_WARN__DUPLICATE_METHOD_MATCH = YES;
				COPY_PHASE_STRIP = NO;
				DEBUG_INFORMATION_FORMAT = "dwarf-with-dsym";
				DEVELOPMENT_TEAM = P4VGX44GD8;
				ENABLE_NS_ASSERTIONS = NO;
				ENABLE_STRICT_OBJC_MSGSEND = YES;
				ENABLE_USER_SCRIPT_SANDBOXING = YES;
				GCC_C_LANGUAGE_STANDARD = gnu17;
				GCC_NO_COMMON_BLOCKS = YES;
				GCC_WARN_64_TO_32_BIT_CONVERSION = YES;
				GCC_WARN_ABOUT_RETURN_TYPE = YES_ERROR;
				GCC_WARN_UNDECLARED_SELECTOR = YES;
				GCC_WARN_UNINITIALIZED_AUTOS = YES_AGGRESSIVE;
				GCC_WARN_UNUSED_FUNCTION = YES;
				GCC_WARN_UNUSED_VARIABLE = YES;
				IPHONEOS_DEPLOYMENT_TARGET = 18.5;
				LOCALIZATION_PREFERS_STRING_CATALOGS = YES;
				MTL_ENABLE_DEBUG_INFO = NO;
				MTL_FAST_MATH = YES;
				SDKROOT = iphoneos;
				SWIFT_COMPILATION_MODE = wholemodule;
				VALIDATE_PRODUCT = YES;
			};
			name = Release;
		};
		124A722F2E69BFB800DAE905 /* Debug configuration for PBXNativeTarget "Skinia" */ = {
			isa = XCBuildConfiguration;
			buildSettings = {
				ASSETCATALOG_COMPILER_APPICON_NAME = AppIcon;
				ASSETCATALOG_COMPILER_GLOBAL_ACCENT_COLOR_NAME = AccentColor;
				CODE_SIGN_STYLE = Automatic;
				CURRENT_PROJECT_VERSION = 1;
				DEVELOPMENT_TEAM = P4VGX44GD8;
				ENABLE_PREVIEWS = YES;
				GENERATE_INFOPLIST_FILE = YES;
				INFOPLIST_KEY_LSApplicationCategoryType = "public.app-category.medical";
				INFOPLIST_KEY_UIApplicationSceneManifest_Generation = YES;
				INFOPLIST_KEY_UIApplicationSupportsIndirectInputEvents = YES;
				INFOPLIST_KEY_UILaunchScreen_Generation = YES;
				INFOPLIST_KEY_UISupportedInterfaceOrientations_iPad = "UIInterfaceOrientationPortrait UIInterfaceOrientationPortraitUpsideDown UIInterfaceOrientationLandscapeLeft UIInterfaceOrientationLandscapeRight";
				INFOPLIST_KEY_UISupportedInterfaceOrientations_iPhone = "UIInterfaceOrientationPortrait UIInterfaceOrientationLandscapeLeft UIInterfaceOrientationLandscapeRight";
				LD_RUNPATH_SEARCH_PATHS = (
					"$(inherited)",
					"@executable_path/Frameworks",
				);
				MARKETING_VERSION = 1.0;
				PRODUCT_BUNDLE_IDENTIFIER = com.thalesmms.skinia.Skinia;
				PRODUCT_NAME = "$(TARGET_NAME)";
				SWIFT_EMIT_LOC_STRINGS = YES;
				SWIFT_VERSION = 5.0;
				TARGETED_DEVICE_FAMILY = "1,2";
			};
			name = Debug;
		};
		124A72302E69BFB800DAE905 /* Release configuration for PBXNativeTarget "Skinia" */ = {
			isa = XCBuildConfiguration;
			buildSettings = {
				ASSETCATALOG_COMPILER_APPICON_NAME = AppIcon;
				ASSETCATALOG_COMPILER_GLOBAL_ACCENT_COLOR_NAME = AccentColor;
				CODE_SIGN_STYLE = Automatic;
				CURRENT_PROJECT_VERSION = 1;
				DEVELOPMENT_TEAM = P4VGX44GD8;
				ENABLE_PREVIEWS = YES;
				GENERATE_INFOPLIST_FILE = YES;
				INFOPLIST_KEY_LSApplicationCategoryType = "public.app-category.medical";
				INFOPLIST_KEY_UIApplicationSceneManifest_Generation = YES;
				INFOPLIST_KEY_UIApplicationSupportsIndirectInputEvents = YES;
				INFOPLIST_KEY_UILaunchScreen_Generation = YES;
				INFOPLIST_KEY_UISupportedInterfaceOrientations_iPad = "UIInterfaceOrientationPortrait UIInterfaceOrientationPortraitUpsideDown UIInterfaceOrientationLandscapeLeft UIInterfaceOrientationLandscapeRight";
				INFOPLIST_KEY_UISupportedInterfaceOrientations_iPhone = "UIInterfaceOrientationPortrait UIInterfaceOrientationLandscapeLeft UIInterfaceOrientationLandscapeRight";
				LD_RUNPATH_SEARCH_PATHS = (
					"$(inherited)",
					"@executable_path/Frameworks",
				);
				MARKETING_VERSION = 1.0;
				PRODUCT_BUNDLE_IDENTIFIER = com.thalesmms.skinia.Skinia;
				PRODUCT_NAME = "$(TARGET_NAME)";
				SWIFT_EMIT_LOC_STRINGS = YES;
				SWIFT_VERSION = 5.0;
				TARGETED_DEVICE_FAMILY = "1,2";
			};
			name = Release;
		};
		124A72322E69BFB800DAE905 /* Debug configuration for PBXNativeTarget "SkiniaTests" */ = {
			isa = XCBuildConfiguration;
			buildSettings = {
				BUNDLE_LOADER = "$(TEST_HOST)";
				CODE_SIGN_STYLE = Automatic;
				CURRENT_PROJECT_VERSION = 1;
				DEVELOPMENT_TEAM = P4VGX44GD8;
				GENERATE_INFOPLIST_FILE = YES;
				IPHONEOS_DEPLOYMENT_TARGET = 18.5;
				MARKETING_VERSION = 1.0;
				PRODUCT_BUNDLE_IDENTIFIER = com.thalesmms.skinia.SkiniaTests;
				PRODUCT_NAME = "$(TARGET_NAME)";
				SWIFT_EMIT_LOC_STRINGS = NO;
				SWIFT_VERSION = 5.0;
				TARGETED_DEVICE_FAMILY = "1,2";
				TEST_HOST = "$(BUILT_PRODUCTS_DIR)/Skinia.app/$(BUNDLE_EXECUTABLE_FOLDER_PATH)/Skinia";
			};
			name = Debug;
		};
		124A72332E69BFB800DAE905 /* Release configuration for PBXNativeTarget "SkiniaTests" */ = {
			isa = XCBuildConfiguration;
			buildSettings = {
				BUNDLE_LOADER = "$(TEST_HOST)";
				CODE_SIGN_STYLE = Automatic;
				CURRENT_PROJECT_VERSION = 1;
				DEVELOPMENT_TEAM = P4VGX44GD8;
				GENERATE_INFOPLIST_FILE = YES;
				IPHONEOS_DEPLOYMENT_TARGET = 18.5;
				MARKETING_VERSION = 1.0;
				PRODUCT_BUNDLE_IDENTIFIER = com.thalesmms.skinia.SkiniaTests;
				PRODUCT_NAME = "$(TARGET_NAME)";
				SWIFT_EMIT_LOC_STRINGS = NO;
				SWIFT_VERSION = 5.0;
				TARGETED_DEVICE_FAMILY = "1,2";
				TEST_HOST = "$(BUILT_PRODUCTS_DIR)/Skinia.app/$(BUNDLE_EXECUTABLE_FOLDER_PATH)/Skinia";
			};
			name = Release;
		};
		124A72352E69BFB800DAE905 /* Debug configuration for PBXNativeTarget "SkiniaUITests" */ = {
			isa = XCBuildConfiguration;
			buildSettings = {
				CODE_SIGN_STYLE = Automatic;
				CURRENT_PROJECT_VERSION = 1;
				DEVELOPMENT_TEAM = P4VGX44GD8;
				GENERATE_INFOPLIST_FILE = YES;
				MARKETING_VERSION = 1.0;
				PRODUCT_BUNDLE_IDENTIFIER = com.thalesmms.skinia.SkiniaUITests;
				PRODUCT_NAME = "$(TARGET_NAME)";
				SWIFT_EMIT_LOC_STRINGS = NO;
				SWIFT_VERSION = 5.0;
				TARGETED_DEVICE_FAMILY = "1,2";
				TEST_TARGET_NAME = Skinia;
			};
			name = Debug;
		};
		124A72362E69BFB800DAE905 /* Release configuration for PBXNativeTarget "SkiniaUITests" */ = {
			isa = XCBuildConfiguration;
			buildSettings = {
				CODE_SIGN_STYLE = Automatic;
				CURRENT_PROJECT_VERSION = 1;
				DEVELOPMENT_TEAM = P4VGX44GD8;
				GENERATE_INFOPLIST_FILE = YES;
				MARKETING_VERSION = 1.0;
				PRODUCT_BUNDLE_IDENTIFIER = com.thalesmms.skinia.SkiniaUITests;
				PRODUCT_NAME = "$(TARGET_NAME)";
				SWIFT_EMIT_LOC_STRINGS = NO;
				SWIFT_VERSION = 5.0;
				TARGETED_DEVICE_FAMILY = "1,2";
				TEST_TARGET_NAME = Skinia;
			};
			name = Release;
		};
/* End XCBuildConfiguration section */

/* Begin XCConfigurationList section */
		124A72062E69BFB700DAE905 /* Build configuration list for PBXProject "Skinia" */ = {
			isa = XCConfigurationList;
			buildConfigurations = (
				124A722C2E69BFB800DAE905 /* Debug configuration for PBXProject "Skinia" */,
				124A722D2E69BFB800DAE905 /* Release configuration for PBXProject "Skinia" */,
			);
			defaultConfigurationName = Release;
		};
		124A722E2E69BFB800DAE905 /* Build configuration list for PBXNativeTarget "Skinia" */ = {
			isa = XCConfigurationList;
			buildConfigurations = (
				124A722F2E69BFB800DAE905 /* Debug configuration for PBXNativeTarget "Skinia" */,
				124A72302E69BFB800DAE905 /* Release configuration for PBXNativeTarget "Skinia" */,
			);
			defaultConfigurationName = Release;
		};
		124A72312E69BFB800DAE905 /* Build configuration list for PBXNativeTarget "SkiniaTests" */ = {
			isa = XCConfigurationList;
			buildConfigurations = (
				124A72322E69BFB800DAE905 /* Debug configuration for PBXNativeTarget "SkiniaTests" */,
				124A72332E69BFB800DAE905 /* Release configuration for PBXNativeTarget "SkiniaTests" */,
			);
			defaultConfigurationName = Release;
		};
		124A72342E69BFB800DAE905 /* Build configuration list for PBXNativeTarget "SkiniaUITests" */ = {
			isa = XCConfigurationList;
			buildConfigurations = (
				124A72352E69BFB800DAE905 /* Debug configuration for PBXNativeTarget "SkiniaUITests" */,
				124A72362E69BFB800DAE905 /* Release configuration for PBXNativeTarget "SkiniaUITests" */,
			);
			defaultConfigurationName = Release;
		};
/* End XCConfigurationList section */
	};
	rootObject = 124A72032E69BFB700DAE905 /* Project object */;
}
